// !$*UTF8*$!
{
	archiveVersion = 1;
	classes = {
	};
	objectVersion = 50;
	objects = {

/* Begin PBXBuildFile section */
		CAB85DFD228B26BC00C75851 /* AppDelegate.swift in Sources */ = {isa = PBXBuildFile; fileRef = CAB85DFC228B26BC00C75851 /* AppDelegate.swift */; };
		CAB85E02228B26BC00C75851 /* Main.storyboard in Resources */ = {isa = PBXBuildFile; fileRef = CAB85E00228B26BC00C75851 /* Main.storyboard */; };
		CAB85E04228B26BD00C75851 /* Assets.xcassets in Resources */ = {isa = PBXBuildFile; fileRef = CAB85E03228B26BD00C75851 /* Assets.xcassets */; };
		CAB85E07228B26BD00C75851 /* LaunchScreen.storyboard in Resources */ = {isa = PBXBuildFile; fileRef = CAB85E05228B26BD00C75851 /* LaunchScreen.storyboard */; };
		CAB85E10228B26F400C75851 /* Pokemon.swift in Sources */ = {isa = PBXBuildFile; fileRef = CAB85E0F228B26F400C75851 /* Pokemon.swift */; };
		CAB85E13228B2B5500C75851 /* PokemonController.swift in Sources */ = {isa = PBXBuildFile; fileRef = CAB85E12228B2B5500C75851 /* PokemonController.swift */; };
		CAB85E16228B30B200C75851 /* PokemonViewController.swift in Sources */ = {isa = PBXBuildFile; fileRef = CAB85E15228B30B200C75851 /* PokemonViewController.swift */; };
/* End PBXBuildFile section */

/* Begin PBXFileReference section */
		CAB85DF9228B26BC00C75851 /* PokeDex_Practice.app */ = {isa = PBXFileReference; explicitFileType = wrapper.application; includeInIndex = 0; path = PokeDex_Practice.app; sourceTree = BUILT_PRODUCTS_DIR; };
		CAB85DFC228B26BC00C75851 /* AppDelegate.swift */ = {isa = PBXFileReference; lastKnownFileType = sourcecode.swift; path = AppDelegate.swift; sourceTree = "<group>"; };
		CAB85E01228B26BC00C75851 /* Base */ = {isa = PBXFileReference; lastKnownFileType = file.storyboard; name = Base; path = Base.lproj/Main.storyboard; sourceTree = "<group>"; };
		CAB85E03228B26BD00C75851 /* Assets.xcassets */ = {isa = PBXFileReference; lastKnownFileType = folder.assetcatalog; path = Assets.xcassets; sourceTree = "<group>"; };
		CAB85E06228B26BD00C75851 /* Base */ = {isa = PBXFileReference; lastKnownFileType = file.storyboard; name = Base; path = Base.lproj/LaunchScreen.storyboard; sourceTree = "<group>"; };
		CAB85E08228B26BD00C75851 /* Info.plist */ = {isa = PBXFileReference; lastKnownFileType = text.plist.xml; path = Info.plist; sourceTree = "<group>"; };
		CAB85E0F228B26F400C75851 /* Pokemon.swift */ = {isa = PBXFileReference; lastKnownFileType = sourcecode.swift; path = Pokemon.swift; sourceTree = "<group>"; };
		CAB85E12228B2B5500C75851 /* PokemonController.swift */ = {isa = PBXFileReference; lastKnownFileType = sourcecode.swift; path = PokemonController.swift; sourceTree = "<group>"; };
		CAB85E15228B30B200C75851 /* PokemonViewController.swift */ = {isa = PBXFileReference; lastKnownFileType = sourcecode.swift; path = PokemonViewController.swift; sourceTree = "<group>"; };
/* End PBXFileReference section */

/* Begin PBXFrameworksBuildPhase section */
		CAB85DF6228B26BC00C75851 /* Frameworks */ = {
			isa = PBXFrameworksBuildPhase;
			buildActionMask = 2147483647;
			files = (
			);
			runOnlyForDeploymentPostprocessing = 0;
		};
/* End PBXFrameworksBuildPhase section */

/* Begin PBXGroup section */
		CAB85DF0228B26BC00C75851 = {
			isa = PBXGroup;
			children = (
				CAB85DFB228B26BC00C75851 /* PokeDex_Practice */,
				CAB85DFA228B26BC00C75851 /* Products */,
			);
			sourceTree = "<group>";
		};
		CAB85DFA228B26BC00C75851 /* Products */ = {
			isa = PBXGroup;
			children = (
				CAB85DF9228B26BC00C75851 /* PokeDex_Practice.app */,
			);
			name = Products;
			sourceTree = "<group>";
		};
		CAB85DFB228B26BC00C75851 /* PokeDex_Practice */ = {
			isa = PBXGroup;
			children = (
				CAB85E00228B26BC00C75851 /* Main.storyboard */,
				CAB85E17228B30B800C75851 /* View Controllers */,
				CAB85E14228B2B5A00C75851 /* Model Controllers */,
				CAB85E11228B26F900C75851 /* Models */,
				CAB85E0E228B26D000C75851 /* Resources */,
			);
			path = PokeDex_Practice;
			sourceTree = "<group>";
		};
		CAB85E0E228B26D000C75851 /* Resources */ = {
			isa = PBXGroup;
			children = (
				CAB85DFC228B26BC00C75851 /* AppDelegate.swift */,
				CAB85E03228B26BD00C75851 /* Assets.xcassets */,
				CAB85E05228B26BD00C75851 /* LaunchScreen.storyboard */,
				CAB85E08228B26BD00C75851 /* Info.plist */,
			);
			path = Resources;
			sourceTree = "<group>";
		};
		CAB85E11228B26F900C75851 /* Models */ = {
			isa = PBXGroup;
			children = (
				CAB85E0F228B26F400C75851 /* Pokemon.swift */,
			);
			path = Models;
			sourceTree = "<group>";
		};
		CAB85E14228B2B5A00C75851 /* Model Controllers */ = {
			isa = PBXGroup;
			children = (
				CAB85E12228B2B5500C75851 /* PokemonController.swift */,
			);
			path = "Model Controllers";
			sourceTree = "<group>";
		};
		CAB85E17228B30B800C75851 /* View Controllers */ = {
			isa = PBXGroup;
			children = (
				CAB85E15228B30B200C75851 /* PokemonViewController.swift */,
			);
			path = "View Controllers";
			sourceTree = "<group>";
		};
/* End PBXGroup section */

/* Begin PBXNativeTarget section */
		CAB85DF8228B26BC00C75851 /* PokeDex_Practice */ = {
			isa = PBXNativeTarget;
			buildConfigurationList = CAB85E0B228B26BD00C75851 /* Build configuration list for PBXNativeTarget "PokeDex_Practice" */;
			buildPhases = (
				CAB85DF5228B26BC00C75851 /* Sources */,
				CAB85DF6228B26BC00C75851 /* Frameworks */,
				CAB85DF7228B26BC00C75851 /* Resources */,
			);
			buildRules = (
			);
			dependencies = (
			);
			name = PokeDex_Practice;
			productName = PokeDex_Practice;
			productReference = CAB85DF9228B26BC00C75851 /* PokeDex_Practice.app */;
			productType = "com.apple.product-type.application";
		};
/* End PBXNativeTarget section */

/* Begin PBXProject section */
		CAB85DF1228B26BC00C75851 /* Project object */ = {
			isa = PBXProject;
			attributes = {
				LastSwiftUpdateCheck = 1020;
				LastUpgradeCheck = 1020;
				ORGANIZATIONNAME = "Rabbit Hole Fashion";
				TargetAttributes = {
					CAB85DF8228B26BC00C75851 = {
						CreatedOnToolsVersion = 10.2.1;
					};
				};
			};
			buildConfigurationList = CAB85DF4228B26BC00C75851 /* Build configuration list for PBXProject "PokeDex_Practice" */;
			compatibilityVersion = "Xcode 9.3";
			developmentRegion = en;
			hasScannedForEncodings = 0;
			knownRegions = (
				en,
				Base,
			);
			mainGroup = CAB85DF0228B26BC00C75851;
			productRefGroup = CAB85DFA228B26BC00C75851 /* Products */;
			projectDirPath = "";
			projectRoot = "";
			targets = (
				CAB85DF8228B26BC00C75851 /* PokeDex_Practice */,
			);
		};
/* End PBXProject section */

/* Begin PBXResourcesBuildPhase section */
		CAB85DF7228B26BC00C75851 /* Resources */ = {
			isa = PBXResourcesBuildPhase;
			buildActionMask = 2147483647;
			files = (
				CAB85E07228B26BD00C75851 /* LaunchScreen.storyboard in Resources */,
				CAB85E04228B26BD00C75851 /* Assets.xcassets in Resources */,
				CAB85E02228B26BC00C75851 /* Main.storyboard in Resources */,
			);
			runOnlyForDeploymentPostprocessing = 0;
		};
/* End PBXResourcesBuildPhase section */

/* Begin PBXSourcesBuildPhase section */
		CAB85DF5228B26BC00C75851 /* Sources */ = {
			isa = PBXSourcesBuildPhase;
			buildActionMask = 2147483647;
			files = (
				CAB85DFD228B26BC00C75851 /* AppDelegate.swift in Sources */,
				CAB85E10228B26F400C75851 /* Pokemon.swift in Sources */,
				CAB85E16228B30B200C75851 /* PokemonViewController.swift in Sources */,
				CAB85E13228B2B5500C75851 /* PokemonController.swift in Sources */,
			);
			runOnlyForDeploymentPostprocessing = 0;
		};
/* End PBXSourcesBuildPhase section */

/* Begin PBXVariantGroup section */
		CAB85E00228B26BC00C75851 /* Main.storyboard */ = {
			isa = PBXVariantGroup;
			children = (
				CAB85E01228B26BC00C75851 /* Base */,
			);
			name = Main.storyboard;
			sourceTree = "<group>";
		};
		CAB85E05228B26BD00C75851 /* LaunchScreen.storyboard */ = {
			isa = PBXVariantGroup;
			children = (
				CAB85E06228B26BD00C75851 /* Base */,
			);
			name = LaunchScreen.storyboard;
			sourceTree = "<group>";
		};
/* End PBXVariantGroup section */

/* Begin XCBuildConfiguration section */
		CAB85E09228B26BD00C75851 /* Debug */ = {
			isa = XCBuildConfiguration;
			buildSettings = {
				ALWAYS_SEARCH_USER_PATHS = NO;
				CLANG_ANALYZER_NONNULL = YES;
				CLANG_ANALYZER_NUMBER_OBJECT_CONVERSION = YES_AGGRESSIVE;
				CLANG_CXX_LANGUAGE_STANDARD = "gnu++14";
				CLANG_CXX_LIBRARY = "libc++";
				CLANG_ENABLE_MODULES = YES;
				CLANG_ENABLE_OBJC_ARC = YES;
				CLANG_ENABLE_OBJC_WEAK = YES;
				CLANG_WARN_BLOCK_CAPTURE_AUTORELEASING = YES;
				CLANG_WARN_BOOL_CONVERSION = YES;
				CLANG_WARN_COMMA = YES;
				CLANG_WARN_CONSTANT_CONVERSION = YES;
				CLANG_WARN_DEPRECATED_OBJC_IMPLEMENTATIONS = YES;
				CLANG_WARN_DIRECT_OBJC_ISA_USAGE = YES_ERROR;
				CLANG_WARN_DOCUMENTATION_COMMENTS = YES;
				CLANG_WARN_EMPTY_BODY = YES;
				CLANG_WARN_ENUM_CONVERSION = YES;
				CLANG_WARN_INFINITE_RECURSION = YES;
				CLANG_WARN_INT_CONVERSION = YES;
				CLANG_WARN_NON_LITERAL_NULL_CONVERSION = YES;
				CLANG_WARN_OBJC_IMPLICIT_RETAIN_SELF = YES;
				CLANG_WARN_OBJC_LITERAL_CONVERSION = YES;
				CLANG_WARN_OBJC_ROOT_CLASS = YES_ERROR;
				CLANG_WARN_RANGE_LOOP_ANALYSIS = YES;
				CLANG_WARN_STRICT_PROTOTYPES = YES;
				CLANG_WARN_SUSPICIOUS_MOVE = YES;
				CLANG_WARN_UNGUARDED_AVAILABILITY = YES_AGGRESSIVE;
				CLANG_WARN_UNREACHABLE_CODE = YES;
				CLANG_WARN__DUPLICATE_METHOD_MATCH = YES;
				CODE_SIGN_IDENTITY = "iPhone Developer";
				COPY_PHASE_STRIP = NO;
				DEBUG_INFORMATION_FORMAT = dwarf;
				ENABLE_STRICT_OBJC_MSGSEND = YES;
				ENABLE_TESTABILITY = YES;
				GCC_C_LANGUAGE_STANDARD = gnu11;
				GCC_DYNAMIC_NO_PIC = NO;
				GCC_NO_COMMON_BLOCKS = YES;
				GCC_OPTIMIZATION_LEVEL = 0;
				GCC_PREPROCESSOR_DEFINITIONS = (
					"DEBUG=1",
					"$(inherited)",
				);
				GCC_WARN_64_TO_32_BIT_CONVERSION = YES;
				GCC_WARN_ABOUT_RETURN_TYPE = YES_ERROR;
				GCC_WARN_UNDECLARED_SELECTOR = YES;
				GCC_WARN_UNINITIALIZED_AUTOS = YES_AGGRESSIVE;
				GCC_WARN_UNUSED_FUNCTION = YES;
				GCC_WARN_UNUSED_VARIABLE = YES;
				IPHONEOS_DEPLOYMENT_TARGET = 12.2;
				MTL_ENABLE_DEBUG_INFO = INCLUDE_SOURCE;
				MTL_FAST_MATH = YES;
				ONLY_ACTIVE_ARCH = YES;
				SDKROOT = iphoneos;
				SWIFT_ACTIVE_COMPILATION_CONDITIONS = DEBUG;
				SWIFT_OPTIMIZATION_LEVEL = "-Onone";
			};
			name = Debug;
		};
		CAB85E0A228B26BD00C75851 /* Release */ = {
			isa = XCBuildConfiguration;
			buildSettings = {
				ALWAYS_SEARCH_USER_PATHS = NO;
				CLANG_ANALYZER_NONNULL = YES;
				CLANG_ANALYZER_NUMBER_OBJECT_CONVERSION = YES_AGGRESSIVE;
				CLANG_CXX_LANGUAGE_STANDARD = "gnu++14";
				CLANG_CXX_LIBRARY = "libc++";
				CLANG_ENABLE_MODULES = YES;
				CLANG_ENABLE_OBJC_ARC = YES;
				CLANG_ENABLE_OBJC_WEAK = YES;
				CLANG_WARN_BLOCK_CAPTURE_AUTORELEASING = YES;
				CLANG_WARN_BOOL_CONVERSION = YES;
				CLANG_WARN_COMMA = YES;
				CLANG_WARN_CONSTANT_CONVERSION = YES;
				CLANG_WARN_DEPRECATED_OBJC_IMPLEMENTATIONS = YES;
				CLANG_WARN_DIRECT_OBJC_ISA_USAGE = YES_ERROR;
				CLANG_WARN_DOCUMENTATION_COMMENTS = YES;
				CLANG_WARN_EMPTY_BODY = YES;
				CLANG_WARN_ENUM_CONVERSION = YES;
				CLANG_WARN_INFINITE_RECURSION = YES;
				CLANG_WARN_INT_CONVERSION = YES;
				CLANG_WARN_NON_LITERAL_NULL_CONVERSION = YES;
				CLANG_WARN_OBJC_IMPLICIT_RETAIN_SELF = YES;
				CLANG_WARN_OBJC_LITERAL_CONVERSION = YES;
				CLANG_WARN_OBJC_ROOT_CLASS = YES_ERROR;
				CLANG_WARN_RANGE_LOOP_ANALYSIS = YES;
				CLANG_WARN_STRICT_PROTOTYPES = YES;
				CLANG_WARN_SUSPICIOUS_MOVE = YES;
				CLANG_WARN_UNGUARDED_AVAILABILITY = YES_AGGRESSIVE;
				CLANG_WARN_UNREACHABLE_CODE = YES;
				CLANG_WARN__DUPLICATE_METHOD_MATCH = YES;
				CODE_SIGN_IDENTITY = "iPhone Developer";
				COPY_PHASE_STRIP = NO;
				DEBUG_INFORMATION_FORMAT = "dwarf-with-dsym";
				ENABLE_NS_ASSERTIONS = NO;
				ENABLE_STRICT_OBJC_MSGSEND = YES;
				GCC_C_LANGUAGE_STANDARD = gnu11;
				GCC_NO_COMMON_BLOCKS = YES;
				GCC_WARN_64_TO_32_BIT_CONVERSION = YES;
				GCC_WARN_ABOUT_RETURN_TYPE = YES_ERROR;
				GCC_WARN_UNDECLARED_SELECTOR = YES;
				GCC_WARN_UNINITIALIZED_AUTOS = YES_AGGRESSIVE;
				GCC_WARN_UNUSED_FUNCTION = YES;
				GCC_WARN_UNUSED_VARIABLE = YES;
				IPHONEOS_DEPLOYMENT_TARGET = 12.2;
				MTL_ENABLE_DEBUG_INFO = NO;
				MTL_FAST_MATH = YES;
				SDKROOT = iphoneos;
				SWIFT_COMPILATION_MODE = wholemodule;
				SWIFT_OPTIMIZATION_LEVEL = "-O";
				VALIDATE_PRODUCT = YES;
			};
			name = Release;
		};
		CAB85E0C228B26BD00C75851 /* Debug */ = {
			isa = XCBuildConfiguration;
			buildSettings = {
				ASSETCATALOG_COMPILER_APPICON_NAME = AppIcon;
				CODE_SIGN_STYLE = Automatic;
				INFOPLIST_FILE = "$(SRCROOT)/PokeDex_Practice/Resources/Info.plist";
				LD_RUNPATH_SEARCH_PATHS = (
					"$(inherited)",
					"@executable_path/Frameworks",
				);
				PRODUCT_BUNDLE_IDENTIFIER = "com.rabbitholefashion.PokeDex-Practice";
				PRODUCT_NAME = "$(TARGET_NAME)";
				SWIFT_VERSION = 5.0;
				TARGETED_DEVICE_FAMILY = "1,2";
			};
			name = Debug;
		};
		CAB85E0D228B26BD00C75851 /* Release */ = {
			isa = XCBuildConfiguration;
			buildSettings = {
				ASSETCATALOG_COMPILER_APPICON_NAME = AppIcon;
				CODE_SIGN_STYLE = Automatic;
				INFOPLIST_FILE = "$(SRCROOT)/PokeDex_Practice/Resources/Info.plist";
				LD_RUNPATH_SEARCH_PATHS = (
					"$(inherited)",
					"@executable_path/Frameworks",
				);
				PRODUCT_BUNDLE_IDENTIFIER = "com.rabbitholefashion.PokeDex-Practice";
				PRODUCT_NAME = "$(TARGET_NAME)";
				SWIFT_VERSION = 5.0;
				TARGETED_DEVICE_FAMILY = "1,2";
			};
			name = Release;
		};
/* End XCBuildConfiguration section */

/* Begin XCConfigurationList section */
		CAB85DF4228B26BC00C75851 /* Build configuration list for PBXProject "PokeDex_Practice" */ = {
			isa = XCConfigurationList;
			buildConfigurations = (
				CAB85E09228B26BD00C75851 /* Debug */,
				CAB85E0A228B26BD00C75851 /* Release */,
			);
			defaultConfigurationIsVisible = 0;
			defaultConfigurationName = Release;
		};
		CAB85E0B228B26BD00C75851 /* Build configuration list for PBXNativeTarget "PokeDex_Practice" */ = {
			isa = XCConfigurationList;
			buildConfigurations = (
				CAB85E0C228B26BD00C75851 /* Debug */,
				CAB85E0D228B26BD00C75851 /* Release */,
			);
			defaultConfigurationIsVisible = 0;
			defaultConfigurationName = Release;
		};
/* End XCConfigurationList section */
	};
	rootObject = CAB85DF1228B26BC00C75851 /* Project object */;
}
